
Microsoft Visual Studio Solution File, Format Version 12.00
# Visual Studio 2012
Project("{FAE04EC0-301F-11D3-BF4B-00C04F79EFBC}") = "PCApplication", "PCApplication\PCApplication.csproj", "{66D7E9BA-22E0-4D88-9750-5A4F6C0D7E34}"
EndProject
Project("{FAE04EC0-301F-11D3-BF4B-00C04F79EFBC}") = "DataStreaming", "DataStreaming\DataStreaming.csproj", "{15B3E0D2-6217-493A-A690-158C497F5318}"
EndProject
Project("{FAE04EC0-301F-11D3-BF4B-00C04F79EFBC}") = "IPSyncing", "IPSyncing\IPSyncing.csproj", "{D66242D2-5B7F-40A1-9B09-7B76A9DD5F45}"
EndProject
Project("{2150E333-8FDC-42A3-9474-1A3956D46DE8}") = "Services", "Services", "{A26877B9-1F73-44FD-9FD8-18518B15BD62}"
EndProject
Project("{FAE04EC0-301F-11D3-BF4B-00C04F79EFBC}") = "PCConsole", "PCConsole\PCConsole.csproj", "{99274037-4329-4A40-A89C-2188F1C88F86}"
EndProject
Global
	GlobalSection(SolutionConfigurationPlatforms) = preSolution
		Debug|Any CPU = Debug|Any CPU
		Release|Any CPU = Release|Any CPU
	EndGlobalSection
	GlobalSection(ProjectConfigurationPlatforms) = postSolution
		{66D7E9BA-22E0-4D88-9750-5A4F6C0D7E34}.Debug|Any CPU.ActiveCfg = Debug|Any CPU
		{66D7E9BA-22E0-4D88-9750-5A4F6C0D7E34}.Debug|Any CPU.Build.0 = Debug|Any CPU
		{66D7E9BA-22E0-4D88-9750-5A4F6C0D7E34}.Release|Any CPU.ActiveCfg = Release|Any CPU
		{66D7E9BA-22E0-4D88-9750-5A4F6C0D7E34}.Release|Any CPU.Build.0 = Release|Any CPU
		{15B3E0D2-6217-493A-A690-158C497F5318}.Debug|Any CPU.ActiveCfg = Debug|Any CPU
		{15B3E0D2-6217-493A-A690-158C497F5318}.Debug|Any CPU.Build.0 = Debug|Any CPU
		{15B3E0D2-6217-493A-A690-158C497F5318}.Release|Any CPU.ActiveCfg = Release|Any CPU
		{15B3E0D2-6217-493A-A690-158C497F5318}.Release|Any CPU.Build.0 = Release|Any CPU
		{D66242D2-5B7F-40A1-9B09-7B76A9DD5F45}.Debug|Any CPU.ActiveCfg = Debug|Any CPU
		{D66242D2-5B7F-40A1-9B09-7B76A9DD5F45}.Debug|Any CPU.Build.0 = Debug|Any CPU
		{D66242D2-5B7F-40A1-9B09-7B76A9DD5F45}.Release|Any CPU.ActiveCfg = Release|Any CPU
		{D66242D2-5B7F-40A1-9B09-7B76A9DD5F45}.Release|Any CPU.Build.0 = Release|Any CPU
		{99274037-4329-4A40-A89C-2188F1C88F86}.Debug|Any CPU.ActiveCfg = Debug|Any CPU
		{99274037-4329-4A40-A89C-2188F1C88F86}.Debug|Any CPU.Build.0 = Debug|Any CPU
		{99274037-4329-4A40-A89C-2188F1C88F86}.Release|Any CPU.ActiveCfg = Release|Any CPU
		{99274037-4329-4A40-A89C-2188F1C88F86}.Release|Any CPU.Build.0 = Release|Any CPU
	EndGlobalSection
	GlobalSection(SolutionProperties) = preSolution
		HideSolutionNode = FALSE
	EndGlobalSection
	GlobalSection(NestedProjects) = preSolution
		{D66242D2-5B7F-40A1-9B09-7B76A9DD5F45} = {A26877B9-1F73-44FD-9FD8-18518B15BD62}
		{15B3E0D2-6217-493A-A690-158C497F5318} = {A26877B9-1F73-44FD-9FD8-18518B15BD62}
	EndGlobalSection
EndGlobal
